
Microsoft Visual Studio Solution File, Format Version 12.00
# Visual Studio Version 17
VisualStudioVersion = 17.6.33829.357
MinimumVisualStudioVersion = 10.0.40219.1
Project("{FAE04EC0-301F-11D3-BF4B-00C04F79EFBC}") = "Exercicios9", "Exercicios9\Exercicios9.csproj", "{24CC78CA-18AC-4805-9B53-500A02BED35A}"
EndProject
Global
	GlobalSection(SolutionConfigurationPlatforms) = preSolution
		Debug|Any CPU = Debug|Any CPU
		Release|Any CPU = Release|Any CPU
	EndGlobalSection
	GlobalSection(ProjectConfigurationPlatforms) = postSolution
		{24CC78CA-18AC-4805-9B53-500A02BED35A}.Debug|Any CPU.ActiveCfg = Debug|Any CPU
		{24CC78CA-18AC-4805-9B53-500A02BED35A}.Debug|Any CPU.Build.0 = Debug|Any CPU
		{24CC78CA-18AC-4805-9B53-500A02BED35A}.Release|Any CPU.ActiveCfg = Release|Any CPU
		{24CC78CA-18AC-4805-9B53-500A02BED35A}.Release|Any CPU.Build.0 = Release|Any CPU
	EndGlobalSection
	GlobalSection(SolutionProperties) = preSolution
		HideSolutionNode = FALSE
	EndGlobalSection
	GlobalSection(ExtensibilityGlobals) = postSolution
		SolutionGuid = {F16A123D-ED03-4C4A-9AC2-E94303B4D56F}
	EndGlobalSection
EndGlobal
