
Microsoft Visual Studio Solution File, Format Version 12.00
# Visual Studio Version 17
VisualStudioVersion = 17.6.33829.357
MinimumVisualStudioVersion = 10.0.40219.1
Project("{FAE04EC0-301F-11D3-BF4B-00C04F79EFBC}") = "Exercicios16", "Exercicios16\Exercicios16.csproj", "{D50E9989-10E5-4371-BD18-84D4FC8F4D42}"
EndProject
Global
	GlobalSection(SolutionConfigurationPlatforms) = preSolution
		Debug|Any CPU = Debug|Any CPU
		Release|Any CPU = Release|Any CPU
	EndGlobalSection
	GlobalSection(ProjectConfigurationPlatforms) = postSolution
		{D50E9989-10E5-4371-BD18-84D4FC8F4D42}.Debug|Any CPU.ActiveCfg = Debug|Any CPU
		{D50E9989-10E5-4371-BD18-84D4FC8F4D42}.Debug|Any CPU.Build.0 = Debug|Any CPU
		{D50E9989-10E5-4371-BD18-84D4FC8F4D42}.Release|Any CPU.ActiveCfg = Release|Any CPU
		{D50E9989-10E5-4371-BD18-84D4FC8F4D42}.Release|Any CPU.Build.0 = Release|Any CPU
	EndGlobalSection
	GlobalSection(SolutionProperties) = preSolution
		HideSolutionNode = FALSE
	EndGlobalSection
	GlobalSection(ExtensibilityGlobals) = postSolution
		SolutionGuid = {852E48F4-F8C9-4EC9-8972-D2F2D695CF89}
	EndGlobalSection
EndGlobal
