
Microsoft Visual Studio Solution File, Format Version 12.00
# Visual Studio Version 17
VisualStudioVersion = 17.6.33829.357
MinimumVisualStudioVersion = 10.0.40219.1
Project("{FAE04EC0-301F-11D3-BF4B-00C04F79EFBC}") = "Exercicios10", "Exercicios10\Exercicios10.csproj", "{6633BB8C-DAE4-401D-B139-C2526F8F6AAA}"
EndProject
Global
	GlobalSection(SolutionConfigurationPlatforms) = preSolution
		Debug|Any CPU = Debug|Any CPU
		Release|Any CPU = Release|Any CPU
	EndGlobalSection
	GlobalSection(ProjectConfigurationPlatforms) = postSolution
		{6633BB8C-DAE4-401D-B139-C2526F8F6AAA}.Debug|Any CPU.ActiveCfg = Debug|Any CPU
		{6633BB8C-DAE4-401D-B139-C2526F8F6AAA}.Debug|Any CPU.Build.0 = Debug|Any CPU
		{6633BB8C-DAE4-401D-B139-C2526F8F6AAA}.Release|Any CPU.ActiveCfg = Release|Any CPU
		{6633BB8C-DAE4-401D-B139-C2526F8F6AAA}.Release|Any CPU.Build.0 = Release|Any CPU
	EndGlobalSection
	GlobalSection(SolutionProperties) = preSolution
		HideSolutionNode = FALSE
	EndGlobalSection
	GlobalSection(ExtensibilityGlobals) = postSolution
		SolutionGuid = {CCF59D0E-8EA2-4A95-A2A3-EFA931BE8223}
	EndGlobalSection
EndGlobal
