
Microsoft Visual Studio Solution File, Format Version 12.00
# Visual Studio Version 17
VisualStudioVersion = 17.6.33829.357
MinimumVisualStudioVersion = 10.0.40219.1
Project("{FAE04EC0-301F-11D3-BF4B-00C04F79EFBC}") = "Exercicios18", "Exercicios18\Exercicios18.csproj", "{C6AD1496-E682-42B9-B290-98E71D15A926}"
EndProject
Global
	GlobalSection(SolutionConfigurationPlatforms) = preSolution
		Debug|Any CPU = Debug|Any CPU
		Release|Any CPU = Release|Any CPU
	EndGlobalSection
	GlobalSection(ProjectConfigurationPlatforms) = postSolution
		{C6AD1496-E682-42B9-B290-98E71D15A926}.Debug|Any CPU.ActiveCfg = Debug|Any CPU
		{C6AD1496-E682-42B9-B290-98E71D15A926}.Debug|Any CPU.Build.0 = Debug|Any CPU
		{C6AD1496-E682-42B9-B290-98E71D15A926}.Release|Any CPU.ActiveCfg = Release|Any CPU
		{C6AD1496-E682-42B9-B290-98E71D15A926}.Release|Any CPU.Build.0 = Release|Any CPU
	EndGlobalSection
	GlobalSection(SolutionProperties) = preSolution
		HideSolutionNode = FALSE
	EndGlobalSection
	GlobalSection(ExtensibilityGlobals) = postSolution
		SolutionGuid = {5BFE451B-A415-403D-BB25-D733E6D71362}
	EndGlobalSection
EndGlobal
